
Microsoft Visual Studio Solution File, Format Version 12.00
# Visual Studio Version 16
VisualStudioVersion = 16.0.31410.357
MinimumVisualStudioVersion = 10.0.40219.1
Project("{9A19103F-16F7-4668-BE54-9A1E7A4F7556}") = "RazorPagesTurtle6", "RazorPagesTurtle6.csproj", "{D4DEA806-AF44-41EA-90A2-12499717C46A}"
EndProject
Global
	GlobalSection(SolutionConfigurationPlatforms) = preSolution
		Debug|Any CPU = Debug|Any CPU
		Release|Any CPU = Release|Any CPU
	EndGlobalSection
	GlobalSection(ProjectConfigurationPlatforms) = postSolution
		{D4DEA806-AF44-41EA-90A2-12499717C46A}.Debug|Any CPU.ActiveCfg = Debug|Any CPU
		{D4DEA806-AF44-41EA-90A2-12499717C46A}.Debug|Any CPU.Build.0 = Debug|Any CPU
		{D4DEA806-AF44-41EA-90A2-12499717C46A}.Release|Any CPU.ActiveCfg = Release|Any CPU
		{D4DEA806-AF44-41EA-90A2-12499717C46A}.Release|Any CPU.Build.0 = Release|Any CPU
	EndGlobalSection
	GlobalSection(SolutionProperties) = preSolution
		HideSolutionNode = FALSE
	EndGlobalSection
	GlobalSection(ExtensibilityGlobals) = postSolution
		SolutionGuid = {63A1717F-1267-44E8-9FEC-32B0A28758F0}
	EndGlobalSection
EndGlobal
